
Microsoft Visual Studio Solution File, Format Version 12.00
# Visual Studio Version 16
VisualStudioVersion = 16.0.31702.278
MinimumVisualStudioVersion = 10.0.40219.1
Project("{9A19103F-16F7-4668-BE54-9A1E7A4F7556}") = "JavaScriptClient", "JavaScriptClient.csproj", "{94FB0B93-1B8C-46DB-B838-0F5B518E8080}"
EndProject
Global
	GlobalSection(SolutionConfigurationPlatforms) = preSolution
		Debug|Any CPU = Debug|Any CPU
		Release|Any CPU = Release|Any CPU
	EndGlobalSection
	GlobalSection(ProjectConfigurationPlatforms) = postSolution
		{94FB0B93-1B8C-46DB-B838-0F5B518E8080}.Debug|Any CPU.ActiveCfg = Debug|Any CPU
		{94FB0B93-1B8C-46DB-B838-0F5B518E8080}.Debug|Any CPU.Build.0 = Debug|Any CPU
		{94FB0B93-1B8C-46DB-B838-0F5B518E8080}.Release|Any CPU.ActiveCfg = Release|Any CPU
		{94FB0B93-1B8C-46DB-B838-0F5B518E8080}.Release|Any CPU.Build.0 = Release|Any CPU
	EndGlobalSection
	GlobalSection(SolutionProperties) = preSolution
		HideSolutionNode = FALSE
	EndGlobalSection
	GlobalSection(ExtensibilityGlobals) = postSolution
		SolutionGuid = {1BD29570-9B99-41BA-9746-F906CB925C96}
	EndGlobalSection
EndGlobal
